
Microsoft Visual Studio Solution File, Format Version 12.00
# Visual Studio Version 17
VisualStudioVersion = 17.0.31903.59
MinimumVisualStudioVersion = 10.0.40219.1
Project("{FAE04EC0-301F-11D3-BF4B-00C04F79EFBC}") = "NeuralNetAsp", "NeuralNetAsp\NeuralNetAsp.csproj", "{D02C8C8A-BE53-4417-9B13-E851A138902A}"
EndProject
Project("{FAE04EC0-301F-11D3-BF4B-00C04F79EFBC}") = "NeuralNetAsp.Tests", "NeuralNetAsp.Tests\NeuralNetAsp.Tests.csproj", "{D8A9B73F-4D04-4FF6-B3A2-0892A8F70F83}"
EndProject
Project("{FAE04EC0-301F-11D3-BF4B-00C04F79EFBC}") = "NeuralNetAsp.ApiTests", "NeuralNetAsp.ApiTests\NeuralNetAsp.ApiTests.csproj", "{295326DA-E114-4D38-A1E8-7970F9A878BF}"
EndProject
Global
	GlobalSection(SolutionConfigurationPlatforms) = preSolution
		Debug|Any CPU = Debug|Any CPU
		Release|Any CPU = Release|Any CPU
	EndGlobalSection
	GlobalSection(SolutionProperties) = preSolution
		HideSolutionNode = FALSE
	EndGlobalSection
	GlobalSection(ProjectConfigurationPlatforms) = postSolution
		{D02C8C8A-BE53-4417-9B13-E851A138902A}.Debug|Any CPU.ActiveCfg = Debug|Any CPU
		{D02C8C8A-BE53-4417-9B13-E851A138902A}.Debug|Any CPU.Build.0 = Debug|Any CPU
		{D02C8C8A-BE53-4417-9B13-E851A138902A}.Release|Any CPU.ActiveCfg = Release|Any CPU
		{D02C8C8A-BE53-4417-9B13-E851A138902A}.Release|Any CPU.Build.0 = Release|Any CPU
		{D8A9B73F-4D04-4FF6-B3A2-0892A8F70F83}.Debug|Any CPU.ActiveCfg = Debug|Any CPU
		{D8A9B73F-4D04-4FF6-B3A2-0892A8F70F83}.Debug|Any CPU.Build.0 = Debug|Any CPU
		{D8A9B73F-4D04-4FF6-B3A2-0892A8F70F83}.Release|Any CPU.ActiveCfg = Release|Any CPU
		{D8A9B73F-4D04-4FF6-B3A2-0892A8F70F83}.Release|Any CPU.Build.0 = Release|Any CPU
		{295326DA-E114-4D38-A1E8-7970F9A878BF}.Debug|Any CPU.ActiveCfg = Debug|Any CPU
		{295326DA-E114-4D38-A1E8-7970F9A878BF}.Debug|Any CPU.Build.0 = Debug|Any CPU
		{295326DA-E114-4D38-A1E8-7970F9A878BF}.Release|Any CPU.ActiveCfg = Release|Any CPU
		{295326DA-E114-4D38-A1E8-7970F9A878BF}.Release|Any CPU.Build.0 = Release|Any CPU
	EndGlobalSection
EndGlobal
